
Microsoft Visual Studio Solution File, Format Version 12.00
Project("{FAE04EC0-301F-11D3-BF4B-00C04F79EFBC}") = "TP1-2", "TP1-2\TP1-2.csproj", "{697AD18C-3AA3-4717-A7D8-E042E6E8C331}"
EndProject
Global
	GlobalSection(SolutionConfigurationPlatforms) = preSolution
		Debug|Any CPU = Debug|Any CPU
		Release|Any CPU = Release|Any CPU
	EndGlobalSection
	GlobalSection(ProjectConfigurationPlatforms) = postSolution
		{697AD18C-3AA3-4717-A7D8-E042E6E8C331}.Debug|Any CPU.ActiveCfg = Debug|Any CPU
		{697AD18C-3AA3-4717-A7D8-E042E6E8C331}.Debug|Any CPU.Build.0 = Debug|Any CPU
		{697AD18C-3AA3-4717-A7D8-E042E6E8C331}.Release|Any CPU.ActiveCfg = Release|Any CPU
		{697AD18C-3AA3-4717-A7D8-E042E6E8C331}.Release|Any CPU.Build.0 = Release|Any CPU
	EndGlobalSection
EndGlobal
